// !$*UTF8*$!
{
	archiveVersion = 1;
	classes = {
	};
	objectVersion = 56;
	objects = {

/* Begin PBXBuildFile section */
		A11111110000000000000001 /* SyncTrayApp.swift in Sources */ = {isa = PBXBuildFile; fileRef = A10000000000000000000001 /* SyncTrayApp.swift */; };
		A11111110000000000000002 /* SyncState.swift in Sources */ = {isa = PBXBuildFile; fileRef = A10000000000000000000002 /* SyncState.swift */; };
		A11111110000000000000003 /* RcloneLogEntry.swift in Sources */ = {isa = PBXBuildFile; fileRef = A10000000000000000000003 /* RcloneLogEntry.swift */; };
		A11111110000000000000004 /* LogWatcher.swift in Sources */ = {isa = PBXBuildFile; fileRef = A10000000000000000000004 /* LogWatcher.swift */; };
		A11111110000000000000005 /* LogParser.swift in Sources */ = {isa = PBXBuildFile; fileRef = A10000000000000000000005 /* LogParser.swift */; };
		A11111110000000000000006 /* NotificationService.swift in Sources */ = {isa = PBXBuildFile; fileRef = A10000000000000000000006 /* NotificationService.swift */; };
		A11111110000000000000007 /* SyncManager.swift in Sources */ = {isa = PBXBuildFile; fileRef = A10000000000000000000007 /* SyncManager.swift */; };
		A11111110000000000000008 /* MenuBarView.swift in Sources */ = {isa = PBXBuildFile; fileRef = A10000000000000000000008 /* MenuBarView.swift */; };
		A11111110000000000000009 /* StatusHeaderView.swift in Sources */ = {isa = PBXBuildFile; fileRef = A10000000000000000000009 /* StatusHeaderView.swift */; };
		A1111111000000000000000A /* RecentChangesView.swift in Sources */ = {isa = PBXBuildFile; fileRef = A1000000000000000000000A /* RecentChangesView.swift */; };
		A1111111000000000000000E /* Settings.swift in Sources */ = {isa = PBXBuildFile; fileRef = A1000000000000000000000E /* Settings.swift */; };
		A1111111000000000000000F /* SettingsView.swift in Sources */ = {isa = PBXBuildFile; fileRef = A1000000000000000000000F /* SettingsView.swift */; };
		A11111110000000000000010 /* Assets.xcassets in Resources */ = {isa = PBXBuildFile; fileRef = A10000000000000000000010 /* Assets.xcassets */; };
/* End PBXBuildFile section */

/* Begin PBXFileReference section */
		A10000000000000000000001 /* SyncTrayApp.swift */ = {isa = PBXFileReference; lastKnownFileType = sourcecode.swift; path = SyncTrayApp.swift; sourceTree = "<group>"; };
		A10000000000000000000002 /* SyncState.swift */ = {isa = PBXFileReference; lastKnownFileType = sourcecode.swift; path = SyncState.swift; sourceTree = "<group>"; };
		A10000000000000000000003 /* RcloneLogEntry.swift */ = {isa = PBXFileReference; lastKnownFileType = sourcecode.swift; path = RcloneLogEntry.swift; sourceTree = "<group>"; };
		A10000000000000000000004 /* LogWatcher.swift */ = {isa = PBXFileReference; lastKnownFileType = sourcecode.swift; path = LogWatcher.swift; sourceTree = "<group>"; };
		A10000000000000000000005 /* LogParser.swift */ = {isa = PBXFileReference; lastKnownFileType = sourcecode.swift; path = LogParser.swift; sourceTree = "<group>"; };
		A10000000000000000000006 /* NotificationService.swift */ = {isa = PBXFileReference; lastKnownFileType = sourcecode.swift; path = NotificationService.swift; sourceTree = "<group>"; };
		A10000000000000000000007 /* SyncManager.swift */ = {isa = PBXFileReference; lastKnownFileType = sourcecode.swift; path = SyncManager.swift; sourceTree = "<group>"; };
		A10000000000000000000008 /* MenuBarView.swift */ = {isa = PBXFileReference; lastKnownFileType = sourcecode.swift; path = MenuBarView.swift; sourceTree = "<group>"; };
		A10000000000000000000009 /* StatusHeaderView.swift */ = {isa = PBXFileReference; lastKnownFileType = sourcecode.swift; path = StatusHeaderView.swift; sourceTree = "<group>"; };
		A1000000000000000000000A /* RecentChangesView.swift */ = {isa = PBXFileReference; lastKnownFileType = sourcecode.swift; path = RecentChangesView.swift; sourceTree = "<group>"; };
		A1000000000000000000000B /* Info.plist */ = {isa = PBXFileReference; lastKnownFileType = text.plist.xml; path = Info.plist; sourceTree = "<group>"; };
		A1000000000000000000000C /* SyncTray.app */ = {isa = PBXFileReference; explicitFileType = wrapper.application; includeInIndex = 0; path = SyncTray.app; sourceTree = BUILT_PRODUCTS_DIR; };
		A1000000000000000000000D /* SyncTray.entitlements */ = {isa = PBXFileReference; lastKnownFileType = text.plist.entitlements; path = SyncTray.entitlements; sourceTree = "<group>"; };
		A1000000000000000000000E /* Settings.swift */ = {isa = PBXFileReference; lastKnownFileType = sourcecode.swift; path = Settings.swift; sourceTree = "<group>"; };
		A1000000000000000000000F /* SettingsView.swift */ = {isa = PBXFileReference; lastKnownFileType = sourcecode.swift; path = SettingsView.swift; sourceTree = "<group>"; };
		A10000000000000000000010 /* Assets.xcassets */ = {isa = PBXFileReference; lastKnownFileType = folder.assetcatalog; path = Assets.xcassets; sourceTree = "<group>"; };
/* End PBXFileReference section */

/* Begin PBXFrameworksBuildPhase section */
		A12000000000000000000001 /* Frameworks */ = {
			isa = PBXFrameworksBuildPhase;
			buildActionMask = 2147483647;
			files = (
			);
			runOnlyForDeploymentPostprocessing = 0;
		};
/* End PBXFrameworksBuildPhase section */

/* Begin PBXGroup section */
		A13000000000000000000001 = {
			isa = PBXGroup;
			children = (
				A13000000000000000000002 /* SyncTray */,
				A13000000000000000000006 /* Products */,
			);
			sourceTree = "<group>";
		};
		A13000000000000000000002 /* SyncTray */ = {
			isa = PBXGroup;
			children = (
				A10000000000000000000001 /* SyncTrayApp.swift */,
				A1000000000000000000000B /* Info.plist */,
				A1000000000000000000000D /* SyncTray.entitlements */,
				A10000000000000000000010 /* Assets.xcassets */,
				A13000000000000000000003 /* Models */,
				A13000000000000000000004 /* Services */,
				A13000000000000000000005 /* Views */,
			);
			path = SyncTray;
			sourceTree = "<group>";
		};
		A13000000000000000000003 /* Models */ = {
			isa = PBXGroup;
			children = (
				A1000000000000000000000E /* Settings.swift */,
				A10000000000000000000002 /* SyncState.swift */,
				A10000000000000000000003 /* RcloneLogEntry.swift */,
			);
			path = Models;
			sourceTree = "<group>";
		};
		A13000000000000000000004 /* Services */ = {
			isa = PBXGroup;
			children = (
				A10000000000000000000004 /* LogWatcher.swift */,
				A10000000000000000000005 /* LogParser.swift */,
				A10000000000000000000006 /* NotificationService.swift */,
				A10000000000000000000007 /* SyncManager.swift */,
			);
			path = Services;
			sourceTree = "<group>";
		};
		A13000000000000000000005 /* Views */ = {
			isa = PBXGroup;
			children = (
				A10000000000000000000008 /* MenuBarView.swift */,
				A10000000000000000000009 /* StatusHeaderView.swift */,
				A1000000000000000000000A /* RecentChangesView.swift */,
				A1000000000000000000000F /* SettingsView.swift */,
			);
			path = Views;
			sourceTree = "<group>";
		};
		A13000000000000000000006 /* Products */ = {
			isa = PBXGroup;
			children = (
				A1000000000000000000000C /* SyncTray.app */,
			);
			name = Products;
			sourceTree = "<group>";
		};
/* End PBXGroup section */

/* Begin PBXNativeTarget section */
		A14000000000000000000001 /* SyncTray */ = {
			isa = PBXNativeTarget;
			buildConfigurationList = A16000000000000000000001 /* Build configuration list for PBXNativeTarget "SyncTray" */;
			buildPhases = (
				A15000000000000000000001 /* Sources */,
				A12000000000000000000001 /* Frameworks */,
				A19000000000000000000001 /* Resources */,
			);
			buildRules = (
			);
			dependencies = (
			);
			name = SyncTray;
			productName = SyncTray;
			productReference = A1000000000000000000000C /* SyncTray.app */;
			productType = "com.apple.product-type.application";
		};
/* End PBXNativeTarget section */

/* Begin PBXProject section */
		A17000000000000000000001 /* Project object */ = {
			isa = PBXProject;
			attributes = {
				BuildIndependentTargetsInParallel = 1;
				LastSwiftUpdateCheck = 1500;
				LastUpgradeCheck = 1500;
				TargetAttributes = {
					A14000000000000000000001 = {
						CreatedOnToolsVersion = 15.0;
					};
				};
			};
			buildConfigurationList = A16000000000000000000002 /* Build configuration list for PBXProject "SyncTray" */;
			compatibilityVersion = "Xcode 14.0";
			developmentRegion = en;
			hasScannedForEncodings = 0;
			knownRegions = (
				en,
				Base,
			);
			mainGroup = A13000000000000000000001;
			productRefGroup = A13000000000000000000006 /* Products */;
			projectDirPath = "";
			projectRoot = "";
			targets = (
				A14000000000000000000001 /* SyncTray */,
			);
		};
/* End PBXProject section */

/* Begin PBXResourcesBuildPhase section */
		A19000000000000000000001 /* Resources */ = {
			isa = PBXResourcesBuildPhase;
			buildActionMask = 2147483647;
			files = (
				A11111110000000000000010 /* Assets.xcassets in Resources */,
			);
			runOnlyForDeploymentPostprocessing = 0;
		};
/* End PBXResourcesBuildPhase section */

/* Begin PBXSourcesBuildPhase section */
		A15000000000000000000001 /* Sources */ = {
			isa = PBXSourcesBuildPhase;
			buildActionMask = 2147483647;
			files = (
				A11111110000000000000001 /* SyncTrayApp.swift in Sources */,
				A1111111000000000000000E /* Settings.swift in Sources */,
				A11111110000000000000002 /* SyncState.swift in Sources */,
				A11111110000000000000003 /* RcloneLogEntry.swift in Sources */,
				A11111110000000000000004 /* LogWatcher.swift in Sources */,
				A11111110000000000000005 /* LogParser.swift in Sources */,
				A11111110000000000000006 /* NotificationService.swift in Sources */,
				A11111110000000000000007 /* SyncManager.swift in Sources */,
				A11111110000000000000008 /* MenuBarView.swift in Sources */,
				A11111110000000000000009 /* StatusHeaderView.swift in Sources */,
				A1111111000000000000000A /* RecentChangesView.swift in Sources */,
				A1111111000000000000000F /* SettingsView.swift in Sources */,
			);
			runOnlyForDeploymentPostprocessing = 0;
		};
/* End PBXSourcesBuildPhase section */

/* Begin XCBuildConfiguration section */
		A18000000000000000000001 /* Debug */ = {
			isa = XCBuildConfiguration;
			buildSettings = {
				ALWAYS_SEARCH_USER_PATHS = NO;
				ASSETCATALOG_COMPILER_GENERATE_SWIFT_ASSET_SYMBOL_EXTENSIONS = YES;
				CLANG_ANALYZER_NONNULL = YES;
				CLANG_ANALYZER_NUMBER_OBJECT_CONVERSION = YES_AGGRESSIVE;
				CLANG_CXX_LANGUAGE_STANDARD = "gnu++20";
				CLANG_ENABLE_MODULES = YES;
				CLANG_ENABLE_OBJC_ARC = YES;
				CLANG_ENABLE_OBJC_WEAK = YES;
				CLANG_WARN_BLOCK_CAPTURE_AUTORELEASING = YES;
				CLANG_WARN_BOOL_CONVERSION = YES;
				CLANG_WARN_COMMA = YES;
				CLANG_WARN_CONSTANT_CONVERSION = YES;
				CLANG_WARN_DEPRECATED_OBJC_IMPLEMENTATIONS = YES;
				CLANG_WARN_DIRECT_OBJC_ISA_USAGE = YES_ERROR;
				CLANG_WARN_DOCUMENTATION_COMMENTS = YES;
				CLANG_WARN_EMPTY_BODY = YES;
				CLANG_WARN_ENUM_CONVERSION = YES;
				CLANG_WARN_INFINITE_RECURSION = YES;
				CLANG_WARN_INT_CONVERSION = YES;
				CLANG_WARN_NON_LITERAL_NULL_CONVERSION = YES;
				CLANG_WARN_OBJC_IMPLICIT_RETAIN_SELF = YES;
				CLANG_WARN_OBJC_LITERAL_CONVERSION = YES;
				CLANG_WARN_OBJC_ROOT_CLASS = YES_ERROR;
				CLANG_WARN_QUOTED_INCLUDE_IN_FRAMEWORK_HEADER = YES;
				CLANG_WARN_RANGE_LOOP_ANALYSIS = YES;
				CLANG_WARN_STRICT_PROTOTYPES = YES;
				CLANG_WARN_SUSPICIOUS_MOVE = YES;
				CLANG_WARN_UNGUARDED_AVAILABILITY = YES_AGGRESSIVE;
				CLANG_WARN_UNREACHABLE_CODE = YES;
				CLANG_WARN__DUPLICATE_METHOD_MATCH = YES;
				COPY_PHASE_STRIP = NO;
				DEBUG_INFORMATION_FORMAT = dwarf;
				ENABLE_STRICT_OBJC_MSGSEND = YES;
				ENABLE_TESTABILITY = YES;
				ENABLE_USER_SCRIPT_SANDBOXING = YES;
				GCC_C_LANGUAGE_STANDARD = gnu17;
				GCC_DYNAMIC_NO_PIC = NO;
				GCC_NO_COMMON_BLOCKS = YES;
				GCC_OPTIMIZATION_LEVEL = 0;
				GCC_PREPROCESSOR_DEFINITIONS = (
					"DEBUG=1",
					"$(inherited)",
				);
				GCC_WARN_64_TO_32_BIT_CONVERSION = YES;
				GCC_WARN_ABOUT_RETURN_TYPE = YES_ERROR;
				GCC_WARN_UNDECLARED_SELECTOR = YES;
				GCC_WARN_UNINITIALIZED_AUTOS = YES_AGGRESSIVE;
				GCC_WARN_UNUSED_FUNCTION = YES;
				GCC_WARN_UNUSED_VARIABLE = YES;
				MACOSX_DEPLOYMENT_TARGET = 13.0;
				MTL_ENABLE_DEBUG_INFO = INCLUDE_SOURCE;
				MTL_FAST_MATH = YES;
				ONLY_ACTIVE_ARCH = YES;
				SDKROOT = macosx;
				SWIFT_ACTIVE_COMPILATION_CONDITIONS = "DEBUG $(inherited)";
				SWIFT_OPTIMIZATION_LEVEL = "-Onone";
			};
			name = Debug;
		};
		A18000000000000000000002 /* Release */ = {
			isa = XCBuildConfiguration;
			buildSettings = {
				ALWAYS_SEARCH_USER_PATHS = NO;
				ASSETCATALOG_COMPILER_GENERATE_SWIFT_ASSET_SYMBOL_EXTENSIONS = YES;
				CLANG_ANALYZER_NONNULL = YES;
				CLANG_ANALYZER_NUMBER_OBJECT_CONVERSION = YES_AGGRESSIVE;
				CLANG_CXX_LANGUAGE_STANDARD = "gnu++20";
				CLANG_ENABLE_MODULES = YES;
				CLANG_ENABLE_OBJC_ARC = YES;
				CLANG_ENABLE_OBJC_WEAK = YES;
				CLANG_WARN_BLOCK_CAPTURE_AUTORELEASING = YES;
				CLANG_WARN_BOOL_CONVERSION = YES;
				CLANG_WARN_COMMA = YES;
				CLANG_WARN_CONSTANT_CONVERSION = YES;
				CLANG_WARN_DEPRECATED_OBJC_IMPLEMENTATIONS = YES;
				CLANG_WARN_DIRECT_OBJC_ISA_USAGE = YES_ERROR;
				CLANG_WARN_DOCUMENTATION_COMMENTS = YES;
				CLANG_WARN_EMPTY_BODY = YES;
				CLANG_WARN_ENUM_CONVERSION = YES;
				CLANG_WARN_INFINITE_RECURSION = YES;
				CLANG_WARN_INT_CONVERSION = YES;
				CLANG_WARN_NON_LITERAL_NULL_CONVERSION = YES;
				CLANG_WARN_OBJC_IMPLICIT_RETAIN_SELF = YES;
				CLANG_WARN_OBJC_LITERAL_CONVERSION = YES;
				CLANG_WARN_OBJC_ROOT_CLASS = YES_ERROR;
				CLANG_WARN_QUOTED_INCLUDE_IN_FRAMEWORK_HEADER = YES;
				CLANG_WARN_RANGE_LOOP_ANALYSIS = YES;
				CLANG_WARN_STRICT_PROTOTYPES = YES;
				CLANG_WARN_SUSPICIOUS_MOVE = YES;
				CLANG_WARN_UNGUARDED_AVAILABILITY = YES_AGGRESSIVE;
				CLANG_WARN_UNREACHABLE_CODE = YES;
				CLANG_WARN__DUPLICATE_METHOD_MATCH = YES;
				COPY_PHASE_STRIP = NO;
				DEBUG_INFORMATION_FORMAT = "dwarf-with-dsym";
				ENABLE_NS_ASSERTIONS = NO;
				ENABLE_STRICT_OBJC_MSGSEND = YES;
				ENABLE_USER_SCRIPT_SANDBOXING = YES;
				GCC_C_LANGUAGE_STANDARD = gnu17;
				GCC_NO_COMMON_BLOCKS = YES;
				GCC_WARN_64_TO_32_BIT_CONVERSION = YES;
				GCC_WARN_ABOUT_RETURN_TYPE = YES_ERROR;
				GCC_WARN_UNDECLARED_SELECTOR = YES;
				GCC_WARN_UNINITIALIZED_AUTOS = YES_AGGRESSIVE;
				GCC_WARN_UNUSED_FUNCTION = YES;
				GCC_WARN_UNUSED_VARIABLE = YES;
				MACOSX_DEPLOYMENT_TARGET = 13.0;
				MTL_ENABLE_DEBUG_INFO = NO;
				MTL_FAST_MATH = YES;
				SDKROOT = macosx;
				SWIFT_COMPILATION_MODE = wholemodule;
			};
			name = Release;
		};
		A18000000000000000000003 /* Debug */ = {
			isa = XCBuildConfiguration;
			buildSettings = {
				ASSETCATALOG_COMPILER_APPICON_NAME = AppIcon;
				ASSETCATALOG_COMPILER_GLOBAL_ACCENT_COLOR_NAME = AccentColor;
				CODE_SIGN_ENTITLEMENTS = SyncTray/SyncTray.entitlements;
				CODE_SIGN_STYLE = Automatic;
				COMBINE_HIDPI_IMAGES = YES;
				CURRENT_PROJECT_VERSION = 1;
				DEVELOPMENT_TEAM = "";
				ENABLE_HARDENED_RUNTIME = YES;
				GENERATE_INFOPLIST_FILE = NO;
				INFOPLIST_FILE = SyncTray/Info.plist;
				INFOPLIST_KEY_LSApplicationCategoryType = "public.app-category.utilities";
				INFOPLIST_KEY_NSHumanReadableCopyright = "";
				LD_RUNPATH_SEARCH_PATHS = (
					"$(inherited)",
					"@executable_path/../Frameworks",
				);
				MARKETING_VERSION = 1.0;
				PRODUCT_BUNDLE_IDENTIFIER = com.synctray.app;
				PRODUCT_NAME = "$(TARGET_NAME)";
				SWIFT_EMIT_LOC_STRINGS = YES;
				SWIFT_VERSION = 5.0;
			};
			name = Debug;
		};
		A18000000000000000000004 /* Release */ = {
			isa = XCBuildConfiguration;
			buildSettings = {
				ASSETCATALOG_COMPILER_APPICON_NAME = AppIcon;
				ASSETCATALOG_COMPILER_GLOBAL_ACCENT_COLOR_NAME = AccentColor;
				CODE_SIGN_ENTITLEMENTS = SyncTray/SyncTray.entitlements;
				CODE_SIGN_STYLE = Automatic;
				COMBINE_HIDPI_IMAGES = YES;
				CURRENT_PROJECT_VERSION = 1;
				DEVELOPMENT_TEAM = "";
				ENABLE_HARDENED_RUNTIME = YES;
				GENERATE_INFOPLIST_FILE = NO;
				INFOPLIST_FILE = SyncTray/Info.plist;
				INFOPLIST_KEY_LSApplicationCategoryType = "public.app-category.utilities";
				INFOPLIST_KEY_NSHumanReadableCopyright = "";
				LD_RUNPATH_SEARCH_PATHS = (
					"$(inherited)",
					"@executable_path/../Frameworks",
				);
				MARKETING_VERSION = 1.0;
				PRODUCT_BUNDLE_IDENTIFIER = com.synctray.app;
				PRODUCT_NAME = "$(TARGET_NAME)";
				SWIFT_EMIT_LOC_STRINGS = YES;
				SWIFT_VERSION = 5.0;
			};
			name = Release;
		};
/* End XCBuildConfiguration section */

/* Begin XCConfigurationList section */
		A16000000000000000000001 /* Build configuration list for PBXNativeTarget "SyncTray" */ = {
			isa = XCConfigurationList;
			buildConfigurations = (
				A18000000000000000000003 /* Debug */,
				A18000000000000000000004 /* Release */,
			);
			defaultConfigurationIsVisible = 0;
			defaultConfigurationName = Release;
		};
		A16000000000000000000002 /* Build configuration list for PBXProject "SyncTray" */ = {
			isa = XCConfigurationList;
			buildConfigurations = (
				A18000000000000000000001 /* Debug */,
				A18000000000000000000002 /* Release */,
			);
			defaultConfigurationIsVisible = 0;
			defaultConfigurationName = Release;
		};
/* End XCConfigurationList section */

	};
	rootObject = A17000000000000000000001 /* Project object */;
}
